{
  "nodes": {
    "nix-systems": {
      "locked": {
        "lastModified": 1681028828,
        "narHash": "sha256-Vy1rq5AaRuLzOxct8nz4T6wlgyUR7zLU309k9mBC768=",
        "owner": "nix-systems",
        "repo": "default",
        "rev": "da67096a3b9bf56a91d16901293e51ba5b49a27e",
        "type": "github"
      },
      "original": {
        "owner": "nix-systems",
        "repo": "default",
        "type": "github"
      }
    },
    "nixpkgs": {
      "locked": {
        "lastModified": 1748355430,
        "narHash": "sha256-E/jgfj89WKDSzSgiAWguT5IutV4ylAIzT+ZpqWmSISc=",
        "owner": "nixos",
        "repo": "nixpkgs",
        "rev": "6783cdd317ebd384ad21164f00aec9ec9f605eb4",
        "type": "github"
      },
      "original": {
        "owner": "nixos",
        "repo": "nixpkgs",
        "type": "github"
      }
    },
    "root": {
      "inputs": {
        "translate": "translate",
        "utils": "utils"
      }
    },
    "translate": {
      "inputs": {
        "utils": [
          "utils"
        ]
      },
      "locked": {
        "lastModified": 1748355989,
        "narHash": "sha256-1GWIKD/0Nnd2l/6Tnl4CDj0cWXifEEJEJG6tsUohRtc=",
        "owner": "NewDawn0",
        "repo": "translate",
        "rev": "cc03b5cb77773e94fc2e0921fcff4921d73436cc",
        "type": "github"
      },
      "original": {
        "owner": "NewDawn0",
        "repo": "translate",
        "type": "github"
      }
    },
    "utils": {
      "inputs": {
        "nix-systems": "nix-systems",
        "nixpkgs": "nixpkgs"
      },
      "locked": {
        "lastModified": 1748355758,
        "narHash": "sha256-XDKPNJy7/jSfDDHbx1YifTgiea3n3V+aVujyBp9emr0=",
        "owner": "NewDawn0",
        "repo": "nixUtils",
        "rev": "80ba488ddeccaa4b6b766b9d551b17ff98dbed11",
        "type": "github"
      },
      "original": {
        "owner": "NewDawn0",
        "repo": "nixUtils",
        "type": "github"
      }
    }
  },
  "root": "root",
  "version": 7
}
