{
  "nodes": {
    "nix-systems": {
      "locked": {
        "lastModified": 1681028828,
        "narHash": "sha256-Vy1rq5AaRuLzOxct8nz4T6wlgyUR7zLU309k9mBC768=",
        "owner": "nix-systems",
        "repo": "default",
        "rev": "da67096a3b9bf56a91d16901293e51ba5b49a27e",
        "type": "github"
      },
      "original": {
        "owner": "nix-systems",
        "repo": "default",
        "type": "github"
      }
    },
    "nixpkgs": {
      "locked": {
        "lastModified": 1748413977,
        "narHash": "sha256-yVhae+OGBTX2FYUAfj5CPyTZYL8c4ui3BvKj8a896TE=",
        "owner": "nixos",
        "repo": "nixpkgs",
        "rev": "6cefce164ed38a924724749047ccfd891df67515",
        "type": "github"
      },
      "original": {
        "owner": "nixos",
        "repo": "nixpkgs",
        "type": "github"
      }
    },
    "root": {
      "inputs": {
        "translate": "translate",
        "utils": "utils"
      }
    },
    "translate": {
      "inputs": {
        "utils": [
          "utils"
        ]
      },
      "locked": {
        "lastModified": 1748414713,
        "narHash": "sha256-F6Fezz3XK2tkBOU1DH2oPfL5kwJ5iTjNQzFE0t7LKgo=",
        "owner": "NewDawn0",
        "repo": "translate",
        "rev": "1622554e621367dd27366399e21f5dbdafd7a730",
        "type": "github"
      },
      "original": {
        "owner": "NewDawn0",
        "repo": "translate",
        "type": "github"
      }
    },
    "utils": {
      "inputs": {
        "nix-systems": "nix-systems",
        "nixpkgs": "nixpkgs"
      },
      "locked": {
        "lastModified": 1748414487,
        "narHash": "sha256-fMYIyxKcCC9XgbehjwxmVCpMoH+b/vTJy5Vxi7jbPPw=",
        "owner": "NewDawn0",
        "repo": "nixUtils",
        "rev": "78c6813c5cd70baabf379960d676330d5bfa0c25",
        "type": "github"
      },
      "original": {
        "owner": "NewDawn0",
        "repo": "nixUtils",
        "type": "github"
      }
    }
  },
  "root": "root",
  "version": 7
}
